
Microsoft Visual Studio Solution File, Format Version 12.00
# Visual Studio Version 16
VisualStudioVersion = 16.0.30114.105
MinimumVisualStudioVersion = 10.0.40219.1
Project("{FAE04EC0-301F-11D3-BF4B-00C04F79EFBC}") = "collection1", "collection1\collection1.csproj", "{38F1D6C4-1AEC-4793-997A-CA56E850DB32}"
EndProject
Project("{FAE04EC0-301F-11D3-BF4B-00C04F79EFBC}") = "collection2", "collection2\collection2.csproj", "{8ACC355B-B770-4DDD-84A1-08DADE3D0BF4}"
EndProject
Project("{FAE04EC0-301F-11D3-BF4B-00C04F79EFBC}") = "collection3", "collection3\collection3.csproj", "{BCAB5DC8-1548-4679-AF7D-AD79521F6CDB}"
EndProject
Project("{FAE04EC0-301F-11D3-BF4B-00C04F79EFBC}") = "collection4", "collection4\collection4.csproj", "{D745BBE3-89A1-4AA2-B17F-0597B927F352}"
EndProject
Global
	GlobalSection(SolutionConfigurationPlatforms) = preSolution
		Debug|Any CPU = Debug|Any CPU
		Release|Any CPU = Release|Any CPU
	EndGlobalSection
	GlobalSection(SolutionProperties) = preSolution
		HideSolutionNode = FALSE
	EndGlobalSection
	GlobalSection(ProjectConfigurationPlatforms) = postSolution
		{38F1D6C4-1AEC-4793-997A-CA56E850DB32}.Debug|Any CPU.ActiveCfg = Debug|Any CPU
		{38F1D6C4-1AEC-4793-997A-CA56E850DB32}.Debug|Any CPU.Build.0 = Debug|Any CPU
		{38F1D6C4-1AEC-4793-997A-CA56E850DB32}.Release|Any CPU.ActiveCfg = Release|Any CPU
		{38F1D6C4-1AEC-4793-997A-CA56E850DB32}.Release|Any CPU.Build.0 = Release|Any CPU
		{8ACC355B-B770-4DDD-84A1-08DADE3D0BF4}.Debug|Any CPU.ActiveCfg = Debug|Any CPU
		{8ACC355B-B770-4DDD-84A1-08DADE3D0BF4}.Debug|Any CPU.Build.0 = Debug|Any CPU
		{8ACC355B-B770-4DDD-84A1-08DADE3D0BF4}.Release|Any CPU.ActiveCfg = Release|Any CPU
		{8ACC355B-B770-4DDD-84A1-08DADE3D0BF4}.Release|Any CPU.Build.0 = Release|Any CPU
		{BCAB5DC8-1548-4679-AF7D-AD79521F6CDB}.Debug|Any CPU.ActiveCfg = Debug|Any CPU
		{BCAB5DC8-1548-4679-AF7D-AD79521F6CDB}.Debug|Any CPU.Build.0 = Debug|Any CPU
		{BCAB5DC8-1548-4679-AF7D-AD79521F6CDB}.Release|Any CPU.ActiveCfg = Release|Any CPU
		{BCAB5DC8-1548-4679-AF7D-AD79521F6CDB}.Release|Any CPU.Build.0 = Release|Any CPU
		{D745BBE3-89A1-4AA2-B17F-0597B927F352}.Debug|Any CPU.ActiveCfg = Debug|Any CPU
		{D745BBE3-89A1-4AA2-B17F-0597B927F352}.Debug|Any CPU.Build.0 = Debug|Any CPU
		{D745BBE3-89A1-4AA2-B17F-0597B927F352}.Release|Any CPU.ActiveCfg = Release|Any CPU
		{D745BBE3-89A1-4AA2-B17F-0597B927F352}.Release|Any CPU.Build.0 = Release|Any CPU
	EndGlobalSection
EndGlobal
