
Microsoft Visual Studio Solution File, Format Version 12.00
# Visual Studio Version 16
VisualStudioVersion = 16.0.30114.105
MinimumVisualStudioVersion = 10.0.40219.1
Project("{FAE04EC0-301F-11D3-BF4B-00C04F79EFBC}") = "Class Cat", "Class Cat\Class Cat.csproj", "{269AEC64-041C-471F-BCA3-0F9A6A927036}"
EndProject
Project("{FAE04EC0-301F-11D3-BF4B-00C04F79EFBC}") = "Class Dog", "Class Dog\Class Dog.csproj", "{755D667F-4D9B-41D6-931C-17CBA3A65E38}"
EndProject
Project("{FAE04EC0-301F-11D3-BF4B-00C04F79EFBC}") = "Class Cat 2", "Class Cat 2\Class Cat 2.csproj", "{6E12662E-58AD-419D-B73F-0C3B6982DEBA}"
EndProject
Project("{FAE04EC0-301F-11D3-BF4B-00C04F79EFBC}") = "Class Dog 2", "Class Dog 2\Class Dog 2.csproj", "{AFA6E2CC-4E5B-48B4-9A58-7D3D7022AC7F}"
EndProject
Project("{FAE04EC0-301F-11D3-BF4B-00C04F79EFBC}") = "Employee", "Employee\Employee.csproj", "{BCA89B8E-77E6-4F08-BAB0-988A28774912}"
EndProject
Project("{FAE04EC0-301F-11D3-BF4B-00C04F79EFBC}") = "Project 1", "Project 1\Project 1.csproj", "{60770697-D331-4EBB-9D73-4481E8E42BEF}"
EndProject
Project("{FAE04EC0-301F-11D3-BF4B-00C04F79EFBC}") = "Project 2", "Project 2\Project 2.csproj", "{C4614E09-F732-4D79-9B18-A22A3A9F92DE}"
EndProject
Project("{2150E333-8FDC-42A3-9474-1A3956D46DE8}") = "2023-07-03-SetUp Env", "2023-07-03-SetUp Env", "{EE7E8645-C7D1-4902-A90A-4C713A15E14A}"
EndProject
Project("{2150E333-8FDC-42A3-9474-1A3956D46DE8}") = "2023-07-04-Encapsulation Static", "2023-07-04-Encapsulation Static", "{6F06FF76-A619-4AF1-89FE-E784A06275BE}"
EndProject
Project("{FAE04EC0-301F-11D3-BF4B-00C04F79EFBC}") = "Scratching1", "Scratching1\Scratching1.csproj", "{FB0E2070-3AFF-4A72-8D4D-6637D9B67BF6}"
EndProject
Project("{FAE04EC0-301F-11D3-BF4B-00C04F79EFBC}") = "Static", "Static\Static.csproj", "{D65B0D20-BFB8-41FB-A055-BA97CDA2BAF5}"
EndProject
Project("{2150E333-8FDC-42A3-9474-1A3956D46DE8}") = "2023-07-05-Inheritance Polymorphism", "2023-07-05-Inheritance Polymorphism", "{DBBB23E1-5A95-477B-9F3C-6317BA9CD1E0}"
EndProject
Project("{FAE04EC0-301F-11D3-BF4B-00C04F79EFBC}") = "Kingdom", "Kingdom\Kingdom.csproj", "{06DD2BE8-D826-4FBF-B6F7-714EFB558322}"
EndProject
Global
	GlobalSection(SolutionConfigurationPlatforms) = preSolution
		Debug|Any CPU = Debug|Any CPU
		Release|Any CPU = Release|Any CPU
	EndGlobalSection
	GlobalSection(SolutionProperties) = preSolution
		HideSolutionNode = FALSE
	EndGlobalSection
	GlobalSection(ProjectConfigurationPlatforms) = postSolution
		{269AEC64-041C-471F-BCA3-0F9A6A927036}.Debug|Any CPU.ActiveCfg = Debug|Any CPU
		{269AEC64-041C-471F-BCA3-0F9A6A927036}.Debug|Any CPU.Build.0 = Debug|Any CPU
		{269AEC64-041C-471F-BCA3-0F9A6A927036}.Release|Any CPU.ActiveCfg = Release|Any CPU
		{269AEC64-041C-471F-BCA3-0F9A6A927036}.Release|Any CPU.Build.0 = Release|Any CPU
		{755D667F-4D9B-41D6-931C-17CBA3A65E38}.Debug|Any CPU.ActiveCfg = Debug|Any CPU
		{755D667F-4D9B-41D6-931C-17CBA3A65E38}.Debug|Any CPU.Build.0 = Debug|Any CPU
		{755D667F-4D9B-41D6-931C-17CBA3A65E38}.Release|Any CPU.ActiveCfg = Release|Any CPU
		{755D667F-4D9B-41D6-931C-17CBA3A65E38}.Release|Any CPU.Build.0 = Release|Any CPU
		{6E12662E-58AD-419D-B73F-0C3B6982DEBA}.Debug|Any CPU.ActiveCfg = Debug|Any CPU
		{6E12662E-58AD-419D-B73F-0C3B6982DEBA}.Debug|Any CPU.Build.0 = Debug|Any CPU
		{6E12662E-58AD-419D-B73F-0C3B6982DEBA}.Release|Any CPU.ActiveCfg = Release|Any CPU
		{6E12662E-58AD-419D-B73F-0C3B6982DEBA}.Release|Any CPU.Build.0 = Release|Any CPU
		{AFA6E2CC-4E5B-48B4-9A58-7D3D7022AC7F}.Debug|Any CPU.ActiveCfg = Debug|Any CPU
		{AFA6E2CC-4E5B-48B4-9A58-7D3D7022AC7F}.Debug|Any CPU.Build.0 = Debug|Any CPU
		{AFA6E2CC-4E5B-48B4-9A58-7D3D7022AC7F}.Release|Any CPU.ActiveCfg = Release|Any CPU
		{AFA6E2CC-4E5B-48B4-9A58-7D3D7022AC7F}.Release|Any CPU.Build.0 = Release|Any CPU
		{BCA89B8E-77E6-4F08-BAB0-988A28774912}.Debug|Any CPU.ActiveCfg = Debug|Any CPU
		{BCA89B8E-77E6-4F08-BAB0-988A28774912}.Debug|Any CPU.Build.0 = Debug|Any CPU
		{BCA89B8E-77E6-4F08-BAB0-988A28774912}.Release|Any CPU.ActiveCfg = Release|Any CPU
		{BCA89B8E-77E6-4F08-BAB0-988A28774912}.Release|Any CPU.Build.0 = Release|Any CPU
		{60770697-D331-4EBB-9D73-4481E8E42BEF}.Debug|Any CPU.ActiveCfg = Debug|Any CPU
		{60770697-D331-4EBB-9D73-4481E8E42BEF}.Debug|Any CPU.Build.0 = Debug|Any CPU
		{60770697-D331-4EBB-9D73-4481E8E42BEF}.Release|Any CPU.ActiveCfg = Release|Any CPU
		{60770697-D331-4EBB-9D73-4481E8E42BEF}.Release|Any CPU.Build.0 = Release|Any CPU
		{C4614E09-F732-4D79-9B18-A22A3A9F92DE}.Debug|Any CPU.ActiveCfg = Debug|Any CPU
		{C4614E09-F732-4D79-9B18-A22A3A9F92DE}.Debug|Any CPU.Build.0 = Debug|Any CPU
		{C4614E09-F732-4D79-9B18-A22A3A9F92DE}.Release|Any CPU.ActiveCfg = Release|Any CPU
		{C4614E09-F732-4D79-9B18-A22A3A9F92DE}.Release|Any CPU.Build.0 = Release|Any CPU
		{FB0E2070-3AFF-4A72-8D4D-6637D9B67BF6}.Debug|Any CPU.ActiveCfg = Debug|Any CPU
		{FB0E2070-3AFF-4A72-8D4D-6637D9B67BF6}.Debug|Any CPU.Build.0 = Debug|Any CPU
		{FB0E2070-3AFF-4A72-8D4D-6637D9B67BF6}.Release|Any CPU.ActiveCfg = Release|Any CPU
		{FB0E2070-3AFF-4A72-8D4D-6637D9B67BF6}.Release|Any CPU.Build.0 = Release|Any CPU
		{D65B0D20-BFB8-41FB-A055-BA97CDA2BAF5}.Debug|Any CPU.ActiveCfg = Debug|Any CPU
		{D65B0D20-BFB8-41FB-A055-BA97CDA2BAF5}.Debug|Any CPU.Build.0 = Debug|Any CPU
		{D65B0D20-BFB8-41FB-A055-BA97CDA2BAF5}.Release|Any CPU.ActiveCfg = Release|Any CPU
		{D65B0D20-BFB8-41FB-A055-BA97CDA2BAF5}.Release|Any CPU.Build.0 = Release|Any CPU
		{06DD2BE8-D826-4FBF-B6F7-714EFB558322}.Debug|Any CPU.ActiveCfg = Debug|Any CPU
		{06DD2BE8-D826-4FBF-B6F7-714EFB558322}.Debug|Any CPU.Build.0 = Debug|Any CPU
		{06DD2BE8-D826-4FBF-B6F7-714EFB558322}.Release|Any CPU.ActiveCfg = Release|Any CPU
		{06DD2BE8-D826-4FBF-B6F7-714EFB558322}.Release|Any CPU.Build.0 = Release|Any CPU
	EndGlobalSection
	GlobalSection(NestedProjects) = preSolution
		{06DD2BE8-D826-4FBF-B6F7-714EFB558322} = {DBBB23E1-5A95-477B-9F3C-6317BA9CD1E0}
		{D65B0D20-BFB8-41FB-A055-BA97CDA2BAF5} = {6F06FF76-A619-4AF1-89FE-E784A06275BE}
		{FB0E2070-3AFF-4A72-8D4D-6637D9B67BF6} = {6F06FF76-A619-4AF1-89FE-E784A06275BE}
		{BCA89B8E-77E6-4F08-BAB0-988A28774912} = {6F06FF76-A619-4AF1-89FE-E784A06275BE}
		{AFA6E2CC-4E5B-48B4-9A58-7D3D7022AC7F} = {6F06FF76-A619-4AF1-89FE-E784A06275BE}
		{755D667F-4D9B-41D6-931C-17CBA3A65E38} = {6F06FF76-A619-4AF1-89FE-E784A06275BE}
		{6E12662E-58AD-419D-B73F-0C3B6982DEBA} = {6F06FF76-A619-4AF1-89FE-E784A06275BE}
		{269AEC64-041C-471F-BCA3-0F9A6A927036} = {6F06FF76-A619-4AF1-89FE-E784A06275BE}
		{C4614E09-F732-4D79-9B18-A22A3A9F92DE} = {EE7E8645-C7D1-4902-A90A-4C713A15E14A}
		{60770697-D331-4EBB-9D73-4481E8E42BEF} = {EE7E8645-C7D1-4902-A90A-4C713A15E14A}
	EndGlobalSection
EndGlobal
