
Microsoft Visual Studio Solution File, Format Version 12.00
# Visual Studio Version 16
VisualStudioVersion = 16.0.30114.105
MinimumVisualStudioVersion = 10.0.40219.1
Project("{FAE04EC0-301F-11D3-BF4B-00C04F79EFBC}") = "_Scratching", "_Scratching\_Scratching.csproj", "{C26CBF68-0A46-4079-ADB2-8C64C9430A5A}"
EndProject
Project("{FAE04EC0-301F-11D3-BF4B-00C04F79EFBC}") = "ref-out-in", "ref-out-in\ref-out-in.csproj", "{7901EACD-B459-4D8F-B0C1-C8391E889899}"
EndProject
Project("{FAE04EC0-301F-11D3-BF4B-00C04F79EFBC}") = "enum", "enum\enum.csproj", "{2F969627-A9A4-4F62-A419-C11EF7A3F5E7}"
EndProject
Global
	GlobalSection(SolutionConfigurationPlatforms) = preSolution
		Debug|Any CPU = Debug|Any CPU
		Release|Any CPU = Release|Any CPU
	EndGlobalSection
	GlobalSection(SolutionProperties) = preSolution
		HideSolutionNode = FALSE
	EndGlobalSection
	GlobalSection(ProjectConfigurationPlatforms) = postSolution
		{C26CBF68-0A46-4079-ADB2-8C64C9430A5A}.Debug|Any CPU.ActiveCfg = Debug|Any CPU
		{C26CBF68-0A46-4079-ADB2-8C64C9430A5A}.Debug|Any CPU.Build.0 = Debug|Any CPU
		{C26CBF68-0A46-4079-ADB2-8C64C9430A5A}.Release|Any CPU.ActiveCfg = Release|Any CPU
		{C26CBF68-0A46-4079-ADB2-8C64C9430A5A}.Release|Any CPU.Build.0 = Release|Any CPU
		{7901EACD-B459-4D8F-B0C1-C8391E889899}.Debug|Any CPU.ActiveCfg = Debug|Any CPU
		{7901EACD-B459-4D8F-B0C1-C8391E889899}.Debug|Any CPU.Build.0 = Debug|Any CPU
		{7901EACD-B459-4D8F-B0C1-C8391E889899}.Release|Any CPU.ActiveCfg = Release|Any CPU
		{7901EACD-B459-4D8F-B0C1-C8391E889899}.Release|Any CPU.Build.0 = Release|Any CPU
		{2F969627-A9A4-4F62-A419-C11EF7A3F5E7}.Debug|Any CPU.ActiveCfg = Debug|Any CPU
		{2F969627-A9A4-4F62-A419-C11EF7A3F5E7}.Debug|Any CPU.Build.0 = Debug|Any CPU
		{2F969627-A9A4-4F62-A419-C11EF7A3F5E7}.Release|Any CPU.ActiveCfg = Release|Any CPU
		{2F969627-A9A4-4F62-A419-C11EF7A3F5E7}.Release|Any CPU.Build.0 = Release|Any CPU
	EndGlobalSection
EndGlobal
