
Microsoft Visual Studio Solution File, Format Version 12.00
# Visual Studio Version 17
VisualStudioVersion = 17.0.31903.59
MinimumVisualStudioVersion = 10.0.40219.1
Project("{FAE04EC0-301F-11D3-BF4B-00C04F79EFBC}") = "SQLite_trial", "SQLite_trial\SQLite_trial.csproj", "{8B56E29A-E19E-4560-A239-52B39F87F4BC}"
EndProject
Project("{2150E333-8FDC-42A3-9474-1A3956D46DE8}") = "WorkingWithEFCore-master", "WorkingWithEFCore-master", "{8FF93170-DCB7-4177-B712-321E9CB34F9A}"
EndProject
Project("{FAE04EC0-301F-11D3-BF4B-00C04F79EFBC}") = "EFCore", "WorkingWithEFCore-master\EFCore\EFCore.csproj", "{3553415F-4F22-45C0-80CF-62B16DB59A11}"
EndProject
Project("{FAE04EC0-301F-11D3-BF4B-00C04F79EFBC}") = "DBMarvelSnap", "DBMarvelSnap\DBMarvelSnap.csproj", "{70FA1433-D980-449E-98D6-F1BD1427CF53}"
EndProject
Project("{FAE04EC0-301F-11D3-BF4B-00C04F79EFBC}") = "ObserverDS", "ObserverDS\ObserverDS.csproj", "{8A807403-8FEC-4687-A7D0-BD29A8180D12}"
EndProject
Project("{FAE04EC0-301F-11D3-BF4B-00C04F79EFBC}") = "EventHandlerXObserver", "EventHandlerXObserver\EventHandlerXObserver.csproj", "{9670C014-9003-4E6E-9949-E4D9B7C9262F}"
EndProject
Global
	GlobalSection(SolutionConfigurationPlatforms) = preSolution
		Debug|Any CPU = Debug|Any CPU
		Release|Any CPU = Release|Any CPU
	EndGlobalSection
	GlobalSection(SolutionProperties) = preSolution
		HideSolutionNode = FALSE
	EndGlobalSection
	GlobalSection(ProjectConfigurationPlatforms) = postSolution
		{8B56E29A-E19E-4560-A239-52B39F87F4BC}.Debug|Any CPU.ActiveCfg = Debug|Any CPU
		{8B56E29A-E19E-4560-A239-52B39F87F4BC}.Debug|Any CPU.Build.0 = Debug|Any CPU
		{8B56E29A-E19E-4560-A239-52B39F87F4BC}.Release|Any CPU.ActiveCfg = Release|Any CPU
		{8B56E29A-E19E-4560-A239-52B39F87F4BC}.Release|Any CPU.Build.0 = Release|Any CPU
		{3553415F-4F22-45C0-80CF-62B16DB59A11}.Debug|Any CPU.ActiveCfg = Debug|Any CPU
		{3553415F-4F22-45C0-80CF-62B16DB59A11}.Debug|Any CPU.Build.0 = Debug|Any CPU
		{3553415F-4F22-45C0-80CF-62B16DB59A11}.Release|Any CPU.ActiveCfg = Release|Any CPU
		{3553415F-4F22-45C0-80CF-62B16DB59A11}.Release|Any CPU.Build.0 = Release|Any CPU
		{70FA1433-D980-449E-98D6-F1BD1427CF53}.Debug|Any CPU.ActiveCfg = Debug|Any CPU
		{70FA1433-D980-449E-98D6-F1BD1427CF53}.Debug|Any CPU.Build.0 = Debug|Any CPU
		{70FA1433-D980-449E-98D6-F1BD1427CF53}.Release|Any CPU.ActiveCfg = Release|Any CPU
		{70FA1433-D980-449E-98D6-F1BD1427CF53}.Release|Any CPU.Build.0 = Release|Any CPU
		{8A807403-8FEC-4687-A7D0-BD29A8180D12}.Debug|Any CPU.ActiveCfg = Debug|Any CPU
		{8A807403-8FEC-4687-A7D0-BD29A8180D12}.Debug|Any CPU.Build.0 = Debug|Any CPU
		{8A807403-8FEC-4687-A7D0-BD29A8180D12}.Release|Any CPU.ActiveCfg = Release|Any CPU
		{8A807403-8FEC-4687-A7D0-BD29A8180D12}.Release|Any CPU.Build.0 = Release|Any CPU
		{9670C014-9003-4E6E-9949-E4D9B7C9262F}.Debug|Any CPU.ActiveCfg = Debug|Any CPU
		{9670C014-9003-4E6E-9949-E4D9B7C9262F}.Debug|Any CPU.Build.0 = Debug|Any CPU
		{9670C014-9003-4E6E-9949-E4D9B7C9262F}.Release|Any CPU.ActiveCfg = Release|Any CPU
		{9670C014-9003-4E6E-9949-E4D9B7C9262F}.Release|Any CPU.Build.0 = Release|Any CPU
	EndGlobalSection
	GlobalSection(NestedProjects) = preSolution
		{3553415F-4F22-45C0-80CF-62B16DB59A11} = {8FF93170-DCB7-4177-B712-321E9CB34F9A}
	EndGlobalSection
EndGlobal
